// !$*UTF8*$!
{
	archiveVersion = 1;
	classes = {
	};
	objectVersion = 46;
	objects = {

/* Begin PBXBuildFile section */
		1A3CF6D21EFD598B00E6DFCC /* DownloadOperation.m in Sources */ = {isa = PBXBuildFile; fileRef = 1A3CF6D11EFD598B00E6DFCC /* DownloadOperation.m */; };
		1A80632A1EFD4D910059FC03 /* main.m in Sources */ = {isa = PBXBuildFile; fileRef = 1A8063291EFD4D910059FC03 /* main.m */; };
		1A80632D1EFD4D910059FC03 /* AppDelegate.m in Sources */ = {isa = PBXBuildFile; fileRef = 1A80632C1EFD4D910059FC03 /* AppDelegate.m */; };
		1A8063301EFD4D910059FC03 /* ViewController.m in Sources */ = {isa = PBXBuildFile; fileRef = 1A80632F1EFD4D910059FC03 /* ViewController.m */; };
		1A8063331EFD4D910059FC03 /* Main.storyboard in Resources */ = {isa = PBXBuildFile; fileRef = 1A8063311EFD4D910059FC03 /* Main.storyboard */; };
		1A8063351EFD4D910059FC03 /* Assets.xcassets in Resources */ = {isa = PBXBuildFile; fileRef = 1A8063341EFD4D910059FC03 /* Assets.xcassets */; };
		1A8063381EFD4D910059FC03 /* LaunchScreen.storyboard in Resources */ = {isa = PBXBuildFile; fileRef = 1A8063361EFD4D910059FC03 /* LaunchScreen.storyboard */; };
/* End PBXBuildFile section */

/* Begin PBXFileReference section */
		1A3CF6D01EFD598B00E6DFCC /* DownloadOperation.h */ = {isa = PBXFileReference; fileEncoding = 4; lastKnownFileType = sourcecode.c.h; path = DownloadOperation.h; sourceTree = "<group>"; };
		1A3CF6D11EFD598B00E6DFCC /* DownloadOperation.m */ = {isa = PBXFileReference; fileEncoding = 4; lastKnownFileType = sourcecode.c.objc; path = DownloadOperation.m; sourceTree = "<group>"; };
		1A8063251EFD4D910059FC03 /* 多线程Day4 - (仿SDWebImage).app */ = {isa = PBXFileReference; explicitFileType = wrapper.application; includeInIndex = 0; path = "多线程Day4 - (仿SDWebImage).app"; sourceTree = BUILT_PRODUCTS_DIR; };
		1A8063291EFD4D910059FC03 /* main.m */ = {isa = PBXFileReference; lastKnownFileType = sourcecode.c.objc; path = main.m; sourceTree = "<group>"; };
		1A80632B1EFD4D910059FC03 /* AppDelegate.h */ = {isa = PBXFileReference; lastKnownFileType = sourcecode.c.h; path = AppDelegate.h; sourceTree = "<group>"; };
		1A80632C1EFD4D910059FC03 /* AppDelegate.m */ = {isa = PBXFileReference; lastKnownFileType = sourcecode.c.objc; path = AppDelegate.m; sourceTree = "<group>"; };
		1A80632E1EFD4D910059FC03 /* ViewController.h */ = {isa = PBXFileReference; lastKnownFileType = sourcecode.c.h; path = ViewController.h; sourceTree = "<group>"; };
		1A80632F1EFD4D910059FC03 /* ViewController.m */ = {isa = PBXFileReference; lastKnownFileType = sourcecode.c.objc; path = ViewController.m; sourceTree = "<group>"; };
		1A8063321EFD4D910059FC03 /* Base */ = {isa = PBXFileReference; lastKnownFileType = file.storyboard; name = Base; path = Base.lproj/Main.storyboard; sourceTree = "<group>"; };
		1A8063341EFD4D910059FC03 /* Assets.xcassets */ = {isa = PBXFileReference; lastKnownFileType = folder.assetcatalog; path = Assets.xcassets; sourceTree = "<group>"; };
		1A8063371EFD4D910059FC03 /* Base */ = {isa = PBXFileReference; lastKnownFileType = file.storyboard; name = Base; path = Base.lproj/LaunchScreen.storyboard; sourceTree = "<group>"; };
		1A8063391EFD4D910059FC03 /* Info.plist */ = {isa = PBXFileReference; lastKnownFileType = text.plist.xml; path = Info.plist; sourceTree = "<group>"; };
/* End PBXFileReference section */

/* Begin PBXFrameworksBuildPhase section */
		1A8063221EFD4D910059FC03 /* Frameworks */ = {
			isa = PBXFrameworksBuildPhase;
			buildActionMask = 2147483647;
			files = (
			);
			runOnlyForDeploymentPostprocessing = 0;
		};
/* End PBXFrameworksBuildPhase section */

/* Begin PBXGroup section */
		1A3CF6CF1EFD594B00E6DFCC /* ZKWebImage */ = {
			isa = PBXGroup;
			children = (
				1A3CF6D01EFD598B00E6DFCC /* DownloadOperation.h */,
				1A3CF6D11EFD598B00E6DFCC /* DownloadOperation.m */,
			);
			path = ZKWebImage;
			sourceTree = "<group>";
		};
		1A80631C1EFD4D910059FC03 = {
			isa = PBXGroup;
			children = (
				1A8063271EFD4D910059FC03 /* 多线程Day4 - (仿SDWebImage) */,
				1A8063261EFD4D910059FC03 /* Products */,
			);
			sourceTree = "<group>";
		};
		1A8063261EFD4D910059FC03 /* Products */ = {
			isa = PBXGroup;
			children = (
				1A8063251EFD4D910059FC03 /* 多线程Day4 - (仿SDWebImage).app */,
			);
			name = Products;
			sourceTree = "<group>";
		};
		1A8063271EFD4D910059FC03 /* 多线程Day4 - (仿SDWebImage) */ = {
			isa = PBXGroup;
			children = (
				1A3CF6CF1EFD594B00E6DFCC /* ZKWebImage */,
				1A80632B1EFD4D910059FC03 /* AppDelegate.h */,
				1A80632C1EFD4D910059FC03 /* AppDelegate.m */,
				1A80632E1EFD4D910059FC03 /* ViewController.h */,
				1A80632F1EFD4D910059FC03 /* ViewController.m */,
				1A8063311EFD4D910059FC03 /* Main.storyboard */,
				1A8063341EFD4D910059FC03 /* Assets.xcassets */,
				1A8063361EFD4D910059FC03 /* LaunchScreen.storyboard */,
				1A8063391EFD4D910059FC03 /* Info.plist */,
				1A8063281EFD4D910059FC03 /* Supporting Files */,
			);
			path = "多线程Day4 - (仿SDWebImage)";
			sourceTree = "<group>";
		};
		1A8063281EFD4D910059FC03 /* Supporting Files */ = {
			isa = PBXGroup;
			children = (
				1A8063291EFD4D910059FC03 /* main.m */,
			);
			name = "Supporting Files";
			sourceTree = "<group>";
		};
/* End PBXGroup section */

/* Begin PBXNativeTarget section */
		1A8063241EFD4D910059FC03 /* 多线程Day4 - (仿SDWebImage) */ = {
			isa = PBXNativeTarget;
			buildConfigurationList = 1A80633C1EFD4D910059FC03 /* Build configuration list for PBXNativeTarget "多线程Day4 - (仿SDWebImage)" */;
			buildPhases = (
				1A8063211EFD4D910059FC03 /* Sources */,
				1A8063221EFD4D910059FC03 /* Frameworks */,
				1A8063231EFD4D910059FC03 /* Resources */,
			);
			buildRules = (
			);
			dependencies = (
			);
			name = "多线程Day4 - (仿SDWebImage)";
			productName = "多线程Day4 - (仿SDWebImage)";
			productReference = 1A8063251EFD4D910059FC03 /* 多线程Day4 - (仿SDWebImage).app */;
			productType = "com.apple.product-type.application";
		};
/* End PBXNativeTarget section */

/* Begin PBXProject section */
		1A80631D1EFD4D910059FC03 /* Project object */ = {
			isa = PBXProject;
			attributes = {
				LastUpgradeCheck = 0830;
				ORGANIZATIONNAME = "郑克哥哥";
				TargetAttributes = {
					1A8063241EFD4D910059FC03 = {
						CreatedOnToolsVersion = 8.3.2;
						ProvisioningStyle = Automatic;
					};
				};
			};
			buildConfigurationList = 1A8063201EFD4D910059FC03 /* Build configuration list for PBXProject "多线程Day4 - (仿SDWebImage)" */;
			compatibilityVersion = "Xcode 3.2";
			developmentRegion = English;
			hasScannedForEncodings = 0;
			knownRegions = (
				en,
				Base,
			);
			mainGroup = 1A80631C1EFD4D910059FC03;
			productRefGroup = 1A8063261EFD4D910059FC03 /* Products */;
			projectDirPath = "";
			projectRoot = "";
			targets = (
				1A8063241EFD4D910059FC03 /* 多线程Day4 - (仿SDWebImage) */,
			);
		};
/* End PBXProject section */

/* Begin PBXResourcesBuildPhase section */
		1A8063231EFD4D910059FC03 /* Resources */ = {
			isa = PBXResourcesBuildPhase;
			buildActionMask = 2147483647;
			files = (
				1A8063381EFD4D910059FC03 /* LaunchScreen.storyboard in Resources */,
				1A8063351EFD4D910059FC03 /* Assets.xcassets in Resources */,
				1A8063331EFD4D910059FC03 /* Main.storyboard in Resources */,
			);
			runOnlyForDeploymentPostprocessing = 0;
		};
/* End PBXResourcesBuildPhase section */

/* Begin PBXSourcesBuildPhase section */
		1A8063211EFD4D910059FC03 /* Sources */ = {
			isa = PBXSourcesBuildPhase;
			buildActionMask = 2147483647;
			files = (
				1A8063301EFD4D910059FC03 /* ViewController.m in Sources */,
				1A80632D1EFD4D910059FC03 /* AppDelegate.m in Sources */,
				1A80632A1EFD4D910059FC03 /* main.m in Sources */,
				1A3CF6D21EFD598B00E6DFCC /* DownloadOperation.m in Sources */,
			);
			runOnlyForDeploymentPostprocessing = 0;
		};
/* End PBXSourcesBuildPhase section */

/* Begin PBXVariantGroup section */
		1A8063311EFD4D910059FC03 /* Main.storyboard */ = {
			isa = PBXVariantGroup;
			children = (
				1A8063321EFD4D910059FC03 /* Base */,
			);
			name = Main.storyboard;
			sourceTree = "<group>";
		};
		1A8063361EFD4D910059FC03 /* LaunchScreen.storyboard */ = {
			isa = PBXVariantGroup;
			children = (
				1A8063371EFD4D910059FC03 /* Base */,
			);
			name = LaunchScreen.storyboard;
			sourceTree = "<group>";
		};
/* End PBXVariantGroup section */

/* Begin XCBuildConfiguration section */
		1A80633A1EFD4D910059FC03 /* Debug */ = {
			isa = XCBuildConfiguration;
			buildSettings = {
				ALWAYS_SEARCH_USER_PATHS = NO;
				CLANG_ANALYZER_NONNULL = YES;
				CLANG_ANALYZER_NUMBER_OBJECT_CONVERSION = YES_AGGRESSIVE;
				CLANG_CXX_LANGUAGE_STANDARD = "gnu++0x";
				CLANG_CXX_LIBRARY = "libc++";
				CLANG_ENABLE_MODULES = YES;
				CLANG_ENABLE_OBJC_ARC = YES;
				CLANG_WARN_BOOL_CONVERSION = YES;
				CLANG_WARN_CONSTANT_CONVERSION = YES;
				CLANG_WARN_DIRECT_OBJC_ISA_USAGE = YES_ERROR;
				CLANG_WARN_DOCUMENTATION_COMMENTS = YES;
				CLANG_WARN_EMPTY_BODY = YES;
				CLANG_WARN_ENUM_CONVERSION = YES;
				CLANG_WARN_INFINITE_RECURSION = YES;
				CLANG_WARN_INT_CONVERSION = YES;
				CLANG_WARN_OBJC_ROOT_CLASS = YES_ERROR;
				CLANG_WARN_SUSPICIOUS_MOVE = YES;
				CLANG_WARN_UNREACHABLE_CODE = YES;
				CLANG_WARN__DUPLICATE_METHOD_MATCH = YES;
				"CODE_SIGN_IDENTITY[sdk=iphoneos*]" = "iPhone Developer";
				COPY_PHASE_STRIP = NO;
				DEBUG_INFORMATION_FORMAT = dwarf;
				ENABLE_STRICT_OBJC_MSGSEND = YES;
				ENABLE_TESTABILITY = YES;
				GCC_C_LANGUAGE_STANDARD = gnu99;
				GCC_DYNAMIC_NO_PIC = NO;
				GCC_NO_COMMON_BLOCKS = YES;
				GCC_OPTIMIZATION_LEVEL = 0;
				GCC_PREPROCESSOR_DEFINITIONS = (
					"DEBUG=1",
					"$(inherited)",
				);
				GCC_WARN_64_TO_32_BIT_CONVERSION = YES;
				GCC_WARN_ABOUT_RETURN_TYPE = YES_ERROR;
				GCC_WARN_UNDECLARED_SELECTOR = YES;
				GCC_WARN_UNINITIALIZED_AUTOS = YES_AGGRESSIVE;
				GCC_WARN_UNUSED_FUNCTION = YES;
				GCC_WARN_UNUSED_VARIABLE = YES;
				IPHONEOS_DEPLOYMENT_TARGET = 10.3;
				MTL_ENABLE_DEBUG_INFO = YES;
				ONLY_ACTIVE_ARCH = YES;
				SDKROOT = iphoneos;
			};
			name = Debug;
		};
		1A80633B1EFD4D910059FC03 /* Release */ = {
			isa = XCBuildConfiguration;
			buildSettings = {
				ALWAYS_SEARCH_USER_PATHS = NO;
				CLANG_ANALYZER_NONNULL = YES;
				CLANG_ANALYZER_NUMBER_OBJECT_CONVERSION = YES_AGGRESSIVE;
				CLANG_CXX_LANGUAGE_STANDARD = "gnu++0x";
				CLANG_CXX_LIBRARY = "libc++";
				CLANG_ENABLE_MODULES = YES;
				CLANG_ENABLE_OBJC_ARC = YES;
				CLANG_WARN_BOOL_CONVERSION = YES;
				CLANG_WARN_CONSTANT_CONVERSION = YES;
				CLANG_WARN_DIRECT_OBJC_ISA_USAGE = YES_ERROR;
				CLANG_WARN_DOCUMENTATION_COMMENTS = YES;
				CLANG_WARN_EMPTY_BODY = YES;
				CLANG_WARN_ENUM_CONVERSION = YES;
				CLANG_WARN_INFINITE_RECURSION = YES;
				CLANG_WARN_INT_CONVERSION = YES;
				CLANG_WARN_OBJC_ROOT_CLASS = YES_ERROR;
				CLANG_WARN_SUSPICIOUS_MOVE = YES;
				CLANG_WARN_UNREACHABLE_CODE = YES;
				CLANG_WARN__DUPLICATE_METHOD_MATCH = YES;
				"CODE_SIGN_IDENTITY[sdk=iphoneos*]" = "iPhone Developer";
				COPY_PHASE_STRIP = NO;
				DEBUG_INFORMATION_FORMAT = "dwarf-with-dsym";
				ENABLE_NS_ASSERTIONS = NO;
				ENABLE_STRICT_OBJC_MSGSEND = YES;
				GCC_C_LANGUAGE_STANDARD = gnu99;
				GCC_NO_COMMON_BLOCKS = YES;
				GCC_WARN_64_TO_32_BIT_CONVERSION = YES;
				GCC_WARN_ABOUT_RETURN_TYPE = YES_ERROR;
				GCC_WARN_UNDECLARED_SELECTOR = YES;
				GCC_WARN_UNINITIALIZED_AUTOS = YES_AGGRESSIVE;
				GCC_WARN_UNUSED_FUNCTION = YES;
				GCC_WARN_UNUSED_VARIABLE = YES;
				IPHONEOS_DEPLOYMENT_TARGET = 10.3;
				MTL_ENABLE_DEBUG_INFO = NO;
				SDKROOT = iphoneos;
				VALIDATE_PRODUCT = YES;
			};
			name = Release;
		};
		1A80633D1EFD4D910059FC03 /* Debug */ = {
			isa = XCBuildConfiguration;
			buildSettings = {
				ASSETCATALOG_COMPILER_APPICON_NAME = AppIcon;
				INFOPLIST_FILE = "多线程Day4 - (仿SDWebImage)/Info.plist";
				LD_RUNPATH_SEARCH_PATHS = "$(inherited) @executable_path/Frameworks";
				PRODUCT_BUNDLE_IDENTIFIER = "com.zhengke.---Day4-----SDWebImage-";
				PRODUCT_NAME = "$(TARGET_NAME)";
			};
			name = Debug;
		};
		1A80633E1EFD4D910059FC03 /* Release */ = {
			isa = XCBuildConfiguration;
			buildSettings = {
				ASSETCATALOG_COMPILER_APPICON_NAME = AppIcon;
				INFOPLIST_FILE = "多线程Day4 - (仿SDWebImage)/Info.plist";
				LD_RUNPATH_SEARCH_PATHS = "$(inherited) @executable_path/Frameworks";
				PRODUCT_BUNDLE_IDENTIFIER = "com.zhengke.---Day4-----SDWebImage-";
				PRODUCT_NAME = "$(TARGET_NAME)";
			};
			name = Release;
		};
/* End XCBuildConfiguration section */

/* Begin XCConfigurationList section */
		1A8063201EFD4D910059FC03 /* Build configuration list for PBXProject "多线程Day4 - (仿SDWebImage)" */ = {
			isa = XCConfigurationList;
			buildConfigurations = (
				1A80633A1EFD4D910059FC03 /* Debug */,
				1A80633B1EFD4D910059FC03 /* Release */,
			);
			defaultConfigurationIsVisible = 0;
			defaultConfigurationName = Release;
		};
		1A80633C1EFD4D910059FC03 /* Build configuration list for PBXNativeTarget "多线程Day4 - (仿SDWebImage)" */ = {
			isa = XCConfigurationList;
			buildConfigurations = (
				1A80633D1EFD4D910059FC03 /* Debug */,
				1A80633E1EFD4D910059FC03 /* Release */,
			);
			defaultConfigurationIsVisible = 0;
			defaultConfigurationName = Release;
		};
/* End XCConfigurationList section */
	};
	rootObject = 1A80631D1EFD4D910059FC03 /* Project object */;
}
